
Microsoft Visual Studio Solution File, Format Version 12.00
# Visual Studio Version 17
VisualStudioVersion = 17.7.34031.279
MinimumVisualStudioVersion = 10.0.40219.1
Project("{FAE04EC0-301F-11D3-BF4B-00C04F79EFBC}") = "WebSite", "WebApplication1\WebSite.csproj", "{2A658E27-5566-47B5-B9ED-13835695C92C}"
EndProject
Project("{2150E333-8FDC-42A3-9474-1A3956D46DE8}") = "Solution Items", "Solution Items", "{39A7E1BB-8C40-4511-99FA-E7EF18A7BA39}"
	ProjectSection(SolutionItems) = preProject
		.editorconfig = .editorconfig
	EndProjectSection
EndProject
Global
	GlobalSection(SolutionConfigurationPlatforms) = preSolution
		Debug|Any CPU = Debug|Any CPU
		Release|Any CPU = Release|Any CPU
	EndGlobalSection
	GlobalSection(ProjectConfigurationPlatforms) = postSolution
		{2A658E27-5566-47B5-B9ED-13835695C92C}.Debug|Any CPU.ActiveCfg = Debug|Any CPU
		{2A658E27-5566-47B5-B9ED-13835695C92C}.Debug|Any CPU.Build.0 = Debug|Any CPU
		{2A658E27-5566-47B5-B9ED-13835695C92C}.Release|Any CPU.ActiveCfg = Release|Any CPU
		{2A658E27-5566-47B5-B9ED-13835695C92C}.Release|Any CPU.Build.0 = Release|Any CPU
	EndGlobalSection
	GlobalSection(SolutionProperties) = preSolution
		HideSolutionNode = FALSE
	EndGlobalSection
	GlobalSection(ExtensibilityGlobals) = postSolution
		SolutionGuid = {585D3B40-0C1A-4DA6-9295-093C5A5D259D}
	EndGlobalSection
EndGlobal
